// !$*UTF8*$!
{
	archiveVersion = 1;
	classes = {
	};
	objectVersion = 56;
	objects = {

/* Begin PBXBuildFile section */
		54138E162AA974030087B96D /* Constant.swift in Sources */ = {isa = PBXBuildFile; fileRef = 54138E152AA974030087B96D /* Constant.swift */; };
		54138E182AA976B10087B96D /* Vehicle.swift in Sources */ = {isa = PBXBuildFile; fileRef = 54138E172AA976B10087B96D /* Vehicle.swift */; };
		54138E1B2AA97B960087B96D /* VehicleCell.swift in Sources */ = {isa = PBXBuildFile; fileRef = 54138E192AA97B960087B96D /* VehicleCell.swift */; };
		54138E1C2AA97B960087B96D /* VehicleCell.xib in Resources */ = {isa = PBXBuildFile; fileRef = 54138E1A2AA97B960087B96D /* VehicleCell.xib */; };
		54138E1E2AA97F370087B96D /* VehicleViewModel.swift in Sources */ = {isa = PBXBuildFile; fileRef = 54138E1D2AA97F370087B96D /* VehicleViewModel.swift */; };
		544772CB2AAB50BE00DAB004 /* VehicleSelectedProtocol.swift in Sources */ = {isa = PBXBuildFile; fileRef = 544772CA2AAB50BE00DAB004 /* VehicleSelectedProtocol.swift */; };
		544772D42AAC4BE100DAB004 /* ConfirmationVC.swift in Sources */ = {isa = PBXBuildFile; fileRef = 544772D32AAC4BE100DAB004 /* ConfirmationVC.swift */; };
		544772D72AAC4E0800DAB004 /* ConfirmationCell.swift in Sources */ = {isa = PBXBuildFile; fileRef = 544772D52AAC4E0800DAB004 /* ConfirmationCell.swift */; };
		544772D82AAC4E0800DAB004 /* ConfirmationCell.xib in Resources */ = {isa = PBXBuildFile; fileRef = 544772D62AAC4E0800DAB004 /* ConfirmationCell.xib */; };
		544772DA2AAC5F4600DAB004 /* ConfirmationViewModel.swift in Sources */ = {isa = PBXBuildFile; fileRef = 544772D92AAC5F4600DAB004 /* ConfirmationViewModel.swift */; };
		544772DC2AAC602B00DAB004 /* Token.swift in Sources */ = {isa = PBXBuildFile; fileRef = 544772DB2AAC602B00DAB004 /* Token.swift */; };
		544772E22AAC6F6000DAB004 /* Status.swift in Sources */ = {isa = PBXBuildFile; fileRef = 544772E12AAC6F6000DAB004 /* Status.swift */; };
		544772E42AAC6F7200DAB004 /* ResultViewModel.swift in Sources */ = {isa = PBXBuildFile; fileRef = 544772E32AAC6F7200DAB004 /* ResultViewModel.swift */; };
		544772E82AAC708300DAB004 /* ResultVC.swift in Sources */ = {isa = PBXBuildFile; fileRef = 544772E72AAC708300DAB004 /* ResultVC.swift */; };
		544772EB2AAC893E00DAB004 /* NVActivityIndicatorView in Frameworks */ = {isa = PBXBuildFile; productRef = 544772EA2AAC893E00DAB004 /* NVActivityIndicatorView */; };
		544772ED2AAC896200DAB004 /* Loader+NVActivityIndicatorView.swift in Sources */ = {isa = PBXBuildFile; fileRef = 544772EC2AAC896200DAB004 /* Loader+NVActivityIndicatorView.swift */; };
		544DB89A2AA9C1C50026A676 /* CommonFunction.swift in Sources */ = {isa = PBXBuildFile; fileRef = 544DB8992AA9C1C50026A676 /* CommonFunction.swift */; };
		549192612AA83926005AA0C3 /* AppDelegate.swift in Sources */ = {isa = PBXBuildFile; fileRef = 549192602AA83926005AA0C3 /* AppDelegate.swift */; };
		549192632AA83926005AA0C3 /* SceneDelegate.swift in Sources */ = {isa = PBXBuildFile; fileRef = 549192622AA83926005AA0C3 /* SceneDelegate.swift */; };
		549192682AA83926005AA0C3 /* Main.storyboard in Resources */ = {isa = PBXBuildFile; fileRef = 549192662AA83926005AA0C3 /* Main.storyboard */; };
		5491926A2AA83929005AA0C3 /* Assets.xcassets in Resources */ = {isa = PBXBuildFile; fileRef = 549192692AA83929005AA0C3 /* Assets.xcassets */; };
		5491926D2AA83929005AA0C3 /* LaunchScreen.storyboard in Resources */ = {isa = PBXBuildFile; fileRef = 5491926B2AA83929005AA0C3 /* LaunchScreen.storyboard */; };
		54F105682AA8D4C7000F3F8B /* Roboto-Medium.ttf in Resources */ = {isa = PBXBuildFile; fileRef = 54F1055B2AA8D4C7000F3F8B /* Roboto-Medium.ttf */; };
		54F105692AA8D4C7000F3F8B /* Roboto-Light.ttf in Resources */ = {isa = PBXBuildFile; fileRef = 54F1055C2AA8D4C7000F3F8B /* Roboto-Light.ttf */; };
		54F1056A2AA8D4C7000F3F8B /* Roboto-Regular.ttf in Resources */ = {isa = PBXBuildFile; fileRef = 54F1055D2AA8D4C7000F3F8B /* Roboto-Regular.ttf */; };
		54F1056B2AA8D4C7000F3F8B /* Roboto-MediumItalic.ttf in Resources */ = {isa = PBXBuildFile; fileRef = 54F1055E2AA8D4C7000F3F8B /* Roboto-MediumItalic.ttf */; };
		54F1056C2AA8D4C7000F3F8B /* Roboto-ThinItalic.ttf in Resources */ = {isa = PBXBuildFile; fileRef = 54F1055F2AA8D4C7000F3F8B /* Roboto-ThinItalic.ttf */; };
		54F1056D2AA8D4C7000F3F8B /* Roboto-BoldItalic.ttf in Resources */ = {isa = PBXBuildFile; fileRef = 54F105602AA8D4C7000F3F8B /* Roboto-BoldItalic.ttf */; };
		54F1056E2AA8D4C7000F3F8B /* Roboto-LightItalic.ttf in Resources */ = {isa = PBXBuildFile; fileRef = 54F105612AA8D4C7000F3F8B /* Roboto-LightItalic.ttf */; };
		54F1056F2AA8D4C7000F3F8B /* Roboto-Italic.ttf in Resources */ = {isa = PBXBuildFile; fileRef = 54F105622AA8D4C7000F3F8B /* Roboto-Italic.ttf */; };
		54F105702AA8D4C7000F3F8B /* LICENSE.txt in Resources */ = {isa = PBXBuildFile; fileRef = 54F105632AA8D4C7000F3F8B /* LICENSE.txt */; };
		54F105712AA8D4C7000F3F8B /* Roboto-BlackItalic.ttf in Resources */ = {isa = PBXBuildFile; fileRef = 54F105642AA8D4C7000F3F8B /* Roboto-BlackItalic.ttf */; };
		54F105722AA8D4C7000F3F8B /* Roboto-Bold.ttf in Resources */ = {isa = PBXBuildFile; fileRef = 54F105652AA8D4C7000F3F8B /* Roboto-Bold.ttf */; };
		54F105732AA8D4C7000F3F8B /* Roboto-Thin.ttf in Resources */ = {isa = PBXBuildFile; fileRef = 54F105662AA8D4C7000F3F8B /* Roboto-Thin.ttf */; };
		54F105742AA8D4C7000F3F8B /* Roboto-Black.ttf in Resources */ = {isa = PBXBuildFile; fileRef = 54F105672AA8D4C7000F3F8B /* Roboto-Black.ttf */; };
		54F1057B2AA8D7FE000F3F8B /* Planet.swift in Sources */ = {isa = PBXBuildFile; fileRef = 54F1057A2AA8D7FE000F3F8B /* Planet.swift */; };
		54F1057D2AA8D844000F3F8B /* PlanetVC.swift in Sources */ = {isa = PBXBuildFile; fileRef = 54F1057C2AA8D844000F3F8B /* PlanetVC.swift */; };
		54F105802AA8DA27000F3F8B /* PlanetCell.swift in Sources */ = {isa = PBXBuildFile; fileRef = 54F1057E2AA8DA27000F3F8B /* PlanetCell.swift */; };
		54F105812AA8DA27000F3F8B /* PlanetCell.xib in Resources */ = {isa = PBXBuildFile; fileRef = 54F1057F2AA8DA27000F3F8B /* PlanetCell.xib */; };
		54F105892AA8DBF9000F3F8B /* UIButton+Extensions.swift in Sources */ = {isa = PBXBuildFile; fileRef = 54F105832AA8DBF9000F3F8B /* UIButton+Extensions.swift */; };
		54F1058A2AA8DBF9000F3F8B /* UIView+Extensions.swift in Sources */ = {isa = PBXBuildFile; fileRef = 54F105842AA8DBF9000F3F8B /* UIView+Extensions.swift */; };
		54F1058B2AA8DBF9000F3F8B /* TextField+Extensions.swift in Sources */ = {isa = PBXBuildFile; fileRef = 54F105852AA8DBF9000F3F8B /* TextField+Extensions.swift */; };
		54F1058D2AA8DBF9000F3F8B /* UIImage+Extensions.swift in Sources */ = {isa = PBXBuildFile; fileRef = 54F105872AA8DBF9000F3F8B /* UIImage+Extensions.swift */; };
		54F1058E2AA8DBF9000F3F8B /* UITextView+Extensions.swift in Sources */ = {isa = PBXBuildFile; fileRef = 54F105882AA8DBF9000F3F8B /* UITextView+Extensions.swift */; };
		54F105912AA8E24A000F3F8B /* NetworkClass.swift in Sources */ = {isa = PBXBuildFile; fileRef = 54F105902AA8E24A000F3F8B /* NetworkClass.swift */; };
		54F105932AA8E295000F3F8B /* Reach.swift in Sources */ = {isa = PBXBuildFile; fileRef = 54F105922AA8E295000F3F8B /* Reach.swift */; };
		54F105952AA8E2C1000F3F8B /* Callback.swift in Sources */ = {isa = PBXBuildFile; fileRef = 54F105942AA8E2C1000F3F8B /* Callback.swift */; };
		54F105972AA8E327000F3F8B /* PlanetViewModel.swift in Sources */ = {isa = PBXBuildFile; fileRef = 54F105962AA8E327000F3F8B /* PlanetViewModel.swift */; };
		54F105B02AA8F5BF000F3F8B /* VehicleVC.swift in Sources */ = {isa = PBXBuildFile; fileRef = 54F105AF2AA8F5BF000F3F8B /* VehicleVC.swift */; };
/* End PBXBuildFile section */

/* Begin PBXFileReference section */
		54138E152AA974030087B96D /* Constant.swift */ = {isa = PBXFileReference; lastKnownFileType = sourcecode.swift; path = Constant.swift; sourceTree = "<group>"; };
		54138E172AA976B10087B96D /* Vehicle.swift */ = {isa = PBXFileReference; lastKnownFileType = sourcecode.swift; path = Vehicle.swift; sourceTree = "<group>"; };
		54138E192AA97B960087B96D /* VehicleCell.swift */ = {isa = PBXFileReference; lastKnownFileType = sourcecode.swift; path = VehicleCell.swift; sourceTree = "<group>"; };
		54138E1A2AA97B960087B96D /* VehicleCell.xib */ = {isa = PBXFileReference; lastKnownFileType = file.xib; path = VehicleCell.xib; sourceTree = "<group>"; };
		54138E1D2AA97F370087B96D /* VehicleViewModel.swift */ = {isa = PBXFileReference; lastKnownFileType = sourcecode.swift; path = VehicleViewModel.swift; sourceTree = "<group>"; };
		544772CA2AAB50BE00DAB004 /* VehicleSelectedProtocol.swift */ = {isa = PBXFileReference; lastKnownFileType = sourcecode.swift; path = VehicleSelectedProtocol.swift; sourceTree = "<group>"; };
		544772D32AAC4BE100DAB004 /* ConfirmationVC.swift */ = {isa = PBXFileReference; lastKnownFileType = sourcecode.swift; path = ConfirmationVC.swift; sourceTree = "<group>"; };
		544772D52AAC4E0800DAB004 /* ConfirmationCell.swift */ = {isa = PBXFileReference; lastKnownFileType = sourcecode.swift; path = ConfirmationCell.swift; sourceTree = "<group>"; };
		544772D62AAC4E0800DAB004 /* ConfirmationCell.xib */ = {isa = PBXFileReference; lastKnownFileType = file.xib; path = ConfirmationCell.xib; sourceTree = "<group>"; };
		544772D92AAC5F4600DAB004 /* ConfirmationViewModel.swift */ = {isa = PBXFileReference; lastKnownFileType = sourcecode.swift; path = ConfirmationViewModel.swift; sourceTree = "<group>"; };
		544772DB2AAC602B00DAB004 /* Token.swift */ = {isa = PBXFileReference; lastKnownFileType = sourcecode.swift; path = Token.swift; sourceTree = "<group>"; };
		544772E12AAC6F6000DAB004 /* Status.swift */ = {isa = PBXFileReference; lastKnownFileType = sourcecode.swift; path = Status.swift; sourceTree = "<group>"; };
		544772E32AAC6F7200DAB004 /* ResultViewModel.swift */ = {isa = PBXFileReference; lastKnownFileType = sourcecode.swift; path = ResultViewModel.swift; sourceTree = "<group>"; };
		544772E72AAC708300DAB004 /* ResultVC.swift */ = {isa = PBXFileReference; lastKnownFileType = sourcecode.swift; path = ResultVC.swift; sourceTree = "<group>"; };
		544772EC2AAC896200DAB004 /* Loader+NVActivityIndicatorView.swift */ = {isa = PBXFileReference; lastKnownFileType = sourcecode.swift; path = "Loader+NVActivityIndicatorView.swift"; sourceTree = "<group>"; };
		544DB8992AA9C1C50026A676 /* CommonFunction.swift */ = {isa = PBXFileReference; lastKnownFileType = sourcecode.swift; path = CommonFunction.swift; sourceTree = "<group>"; };
		5491925D2AA83926005AA0C3 /* FindingFalcone.app */ = {isa = PBXFileReference; explicitFileType = wrapper.application; includeInIndex = 0; path = FindingFalcone.app; sourceTree = BUILT_PRODUCTS_DIR; };
		549192602AA83926005AA0C3 /* AppDelegate.swift */ = {isa = PBXFileReference; lastKnownFileType = sourcecode.swift; path = AppDelegate.swift; sourceTree = "<group>"; };
		549192622AA83926005AA0C3 /* SceneDelegate.swift */ = {isa = PBXFileReference; lastKnownFileType = sourcecode.swift; path = SceneDelegate.swift; sourceTree = "<group>"; };
		549192672AA83926005AA0C3 /* Base */ = {isa = PBXFileReference; lastKnownFileType = file.storyboard; name = Base; path = Base.lproj/Main.storyboard; sourceTree = "<group>"; };
		549192692AA83929005AA0C3 /* Assets.xcassets */ = {isa = PBXFileReference; lastKnownFileType = folder.assetcatalog; path = Assets.xcassets; sourceTree = "<group>"; };
		5491926C2AA83929005AA0C3 /* Base */ = {isa = PBXFileReference; lastKnownFileType = file.storyboard; name = Base; path = Base.lproj/LaunchScreen.storyboard; sourceTree = "<group>"; };
		5491926E2AA83929005AA0C3 /* Info.plist */ = {isa = PBXFileReference; lastKnownFileType = text.plist.xml; path = Info.plist; sourceTree = "<group>"; };
		54F1055B2AA8D4C7000F3F8B /* Roboto-Medium.ttf */ = {isa = PBXFileReference; lastKnownFileType = file; path = "Roboto-Medium.ttf"; sourceTree = "<group>"; };
		54F1055C2AA8D4C7000F3F8B /* Roboto-Light.ttf */ = {isa = PBXFileReference; lastKnownFileType = file; path = "Roboto-Light.ttf"; sourceTree = "<group>"; };
		54F1055D2AA8D4C7000F3F8B /* Roboto-Regular.ttf */ = {isa = PBXFileReference; lastKnownFileType = file; path = "Roboto-Regular.ttf"; sourceTree = "<group>"; };
		54F1055E2AA8D4C7000F3F8B /* Roboto-MediumItalic.ttf */ = {isa = PBXFileReference; lastKnownFileType = file; path = "Roboto-MediumItalic.ttf"; sourceTree = "<group>"; };
		54F1055F2AA8D4C7000F3F8B /* Roboto-ThinItalic.ttf */ = {isa = PBXFileReference; lastKnownFileType = file; path = "Roboto-ThinItalic.ttf"; sourceTree = "<group>"; };
		54F105602AA8D4C7000F3F8B /* Roboto-BoldItalic.ttf */ = {isa = PBXFileReference; lastKnownFileType = file; path = "Roboto-BoldItalic.ttf"; sourceTree = "<group>"; };
		54F105612AA8D4C7000F3F8B /* Roboto-LightItalic.ttf */ = {isa = PBXFileReference; lastKnownFileType = file; path = "Roboto-LightItalic.ttf"; sourceTree = "<group>"; };
		54F105622AA8D4C7000F3F8B /* Roboto-Italic.ttf */ = {isa = PBXFileReference; lastKnownFileType = file; path = "Roboto-Italic.ttf"; sourceTree = "<group>"; };
		54F105632AA8D4C7000F3F8B /* LICENSE.txt */ = {isa = PBXFileReference; fileEncoding = 4; lastKnownFileType = text; path = LICENSE.txt; sourceTree = "<group>"; };
		54F105642AA8D4C7000F3F8B /* Roboto-BlackItalic.ttf */ = {isa = PBXFileReference; lastKnownFileType = file; path = "Roboto-BlackItalic.ttf"; sourceTree = "<group>"; };
		54F105652AA8D4C7000F3F8B /* Roboto-Bold.ttf */ = {isa = PBXFileReference; lastKnownFileType = file; path = "Roboto-Bold.ttf"; sourceTree = "<group>"; };
		54F105662AA8D4C7000F3F8B /* Roboto-Thin.ttf */ = {isa = PBXFileReference; lastKnownFileType = file; path = "Roboto-Thin.ttf"; sourceTree = "<group>"; };
		54F105672AA8D4C7000F3F8B /* Roboto-Black.ttf */ = {isa = PBXFileReference; lastKnownFileType = file; path = "Roboto-Black.ttf"; sourceTree = "<group>"; };
		54F1057A2AA8D7FE000F3F8B /* Planet.swift */ = {isa = PBXFileReference; lastKnownFileType = sourcecode.swift; path = Planet.swift; sourceTree = "<group>"; };
		54F1057C2AA8D844000F3F8B /* PlanetVC.swift */ = {isa = PBXFileReference; lastKnownFileType = sourcecode.swift; path = PlanetVC.swift; sourceTree = "<group>"; };
		54F1057E2AA8DA27000F3F8B /* PlanetCell.swift */ = {isa = PBXFileReference; lastKnownFileType = sourcecode.swift; path = PlanetCell.swift; sourceTree = "<group>"; };
		54F1057F2AA8DA27000F3F8B /* PlanetCell.xib */ = {isa = PBXFileReference; lastKnownFileType = file.xib; path = PlanetCell.xib; sourceTree = "<group>"; };
		54F105832AA8DBF9000F3F8B /* UIButton+Extensions.swift */ = {isa = PBXFileReference; fileEncoding = 4; lastKnownFileType = sourcecode.swift; path = "UIButton+Extensions.swift"; sourceTree = "<group>"; };
		54F105842AA8DBF9000F3F8B /* UIView+Extensions.swift */ = {isa = PBXFileReference; fileEncoding = 4; lastKnownFileType = sourcecode.swift; path = "UIView+Extensions.swift"; sourceTree = "<group>"; };
		54F105852AA8DBF9000F3F8B /* TextField+Extensions.swift */ = {isa = PBXFileReference; fileEncoding = 4; lastKnownFileType = sourcecode.swift; path = "TextField+Extensions.swift"; sourceTree = "<group>"; };
		54F105872AA8DBF9000F3F8B /* UIImage+Extensions.swift */ = {isa = PBXFileReference; fileEncoding = 4; lastKnownFileType = sourcecode.swift; path = "UIImage+Extensions.swift"; sourceTree = "<group>"; };
		54F105882AA8DBF9000F3F8B /* UITextView+Extensions.swift */ = {isa = PBXFileReference; fileEncoding = 4; lastKnownFileType = sourcecode.swift; path = "UITextView+Extensions.swift"; sourceTree = "<group>"; };
		54F105902AA8E24A000F3F8B /* NetworkClass.swift */ = {isa = PBXFileReference; lastKnownFileType = sourcecode.swift; path = NetworkClass.swift; sourceTree = "<group>"; };
		54F105922AA8E295000F3F8B /* Reach.swift */ = {isa = PBXFileReference; lastKnownFileType = sourcecode.swift; path = Reach.swift; sourceTree = "<group>"; };
		54F105942AA8E2C1000F3F8B /* Callback.swift */ = {isa = PBXFileReference; lastKnownFileType = sourcecode.swift; path = Callback.swift; sourceTree = "<group>"; };
		54F105962AA8E327000F3F8B /* PlanetViewModel.swift */ = {isa = PBXFileReference; lastKnownFileType = sourcecode.swift; path = PlanetViewModel.swift; sourceTree = "<group>"; };
		54F105AF2AA8F5BF000F3F8B /* VehicleVC.swift */ = {isa = PBXFileReference; lastKnownFileType = sourcecode.swift; name = VehicleVC.swift; path = FindingFalcone/Screens/Vehicles/View/VehicleVC.swift; sourceTree = SOURCE_ROOT; };
/* End PBXFileReference section */

/* Begin PBXFrameworksBuildPhase section */
		5491925A2AA83926005AA0C3 /* Frameworks */ = {
			isa = PBXFrameworksBuildPhase;
			buildActionMask = 2147483647;
			files = (
				544772EB2AAC893E00DAB004 /* NVActivityIndicatorView in Frameworks */,
			);
			runOnlyForDeploymentPostprocessing = 0;
		};
/* End PBXFrameworksBuildPhase section */

/* Begin PBXGroup section */
		54138E122AA973950087B96D /* View */ = {
			isa = PBXGroup;
			children = (
				54F105AF2AA8F5BF000F3F8B /* VehicleVC.swift */,
				54138E192AA97B960087B96D /* VehicleCell.swift */,
				54138E1A2AA97B960087B96D /* VehicleCell.xib */,
			);
			path = View;
			sourceTree = "<group>";
		};
		54138E132AA9739C0087B96D /* Model */ = {
			isa = PBXGroup;
			children = (
				54138E172AA976B10087B96D /* Vehicle.swift */,
			);
			path = Model;
			sourceTree = "<group>";
		};
		54138E142AA973F30087B96D /* Utilities */ = {
			isa = PBXGroup;
			children = (
				54138E152AA974030087B96D /* Constant.swift */,
				544DB8992AA9C1C50026A676 /* CommonFunction.swift */,
				544772EC2AAC896200DAB004 /* Loader+NVActivityIndicatorView.swift */,
			);
			path = Utilities;
			sourceTree = "<group>";
		};
		544772C92AAB50AD00DAB004 /* Protocols */ = {
			isa = PBXGroup;
			children = (
				544772CA2AAB50BE00DAB004 /* VehicleSelectedProtocol.swift */,
			);
			path = Protocols;
			sourceTree = "<group>";
		};
		544772CC2AAC4A9700DAB004 /* Confirmation */ = {
			isa = PBXGroup;
			children = (
				544772D22AAC4BB600DAB004 /* Model */,
				544772D12AAC4BAE00DAB004 /* View */,
				544772D02AAC4BA700DAB004 /* ViewModel */,
			);
			path = Confirmation;
			sourceTree = "<group>";
		};
		544772D02AAC4BA700DAB004 /* ViewModel */ = {
			isa = PBXGroup;
			children = (
				544772D92AAC5F4600DAB004 /* ConfirmationViewModel.swift */,
			);
			path = ViewModel;
			sourceTree = "<group>";
		};
		544772D12AAC4BAE00DAB004 /* View */ = {
			isa = PBXGroup;
			children = (
				544772D32AAC4BE100DAB004 /* ConfirmationVC.swift */,
				544772D52AAC4E0800DAB004 /* ConfirmationCell.swift */,
				544772D62AAC4E0800DAB004 /* ConfirmationCell.xib */,
			);
			path = View;
			sourceTree = "<group>";
		};
		544772D22AAC4BB600DAB004 /* Model */ = {
			isa = PBXGroup;
			children = (
				544772DB2AAC602B00DAB004 /* Token.swift */,
			);
			path = Model;
			sourceTree = "<group>";
		};
		544772DD2AAC6EE500DAB004 /* Result */ = {
			isa = PBXGroup;
			children = (
				544772E02AAC6F2D00DAB004 /* Model */,
				544772DF2AAC6F2800DAB004 /* View */,
				544772DE2AAC6F2300DAB004 /* ViewModel */,
			);
			path = Result;
			sourceTree = "<group>";
		};
		544772DE2AAC6F2300DAB004 /* ViewModel */ = {
			isa = PBXGroup;
			children = (
				544772E32AAC6F7200DAB004 /* ResultViewModel.swift */,
			);
			path = ViewModel;
			sourceTree = "<group>";
		};
		544772DF2AAC6F2800DAB004 /* View */ = {
			isa = PBXGroup;
			children = (
				544772E72AAC708300DAB004 /* ResultVC.swift */,
			);
			path = View;
			sourceTree = "<group>";
		};
		544772E02AAC6F2D00DAB004 /* Model */ = {
			isa = PBXGroup;
			children = (
				544772E12AAC6F6000DAB004 /* Status.swift */,
			);
			path = Model;
			sourceTree = "<group>";
		};
		549192542AA83926005AA0C3 = {
			isa = PBXGroup;
			children = (
				5491925F2AA83926005AA0C3 /* FindingFalcone */,
				5491925E2AA83926005AA0C3 /* Products */,
			);
			sourceTree = "<group>";
		};
		5491925E2AA83926005AA0C3 /* Products */ = {
			isa = PBXGroup;
			children = (
				5491925D2AA83926005AA0C3 /* FindingFalcone.app */,
			);
			name = Products;
			sourceTree = "<group>";
		};
		5491925F2AA83926005AA0C3 /* FindingFalcone */ = {
			isa = PBXGroup;
			children = (
				54F105582AA8D490000F3F8B /* Helper */,
				54F105572AA8D350000F3F8B /* StoryBoard */,
				54F105752AA8D6AB000F3F8B /* Screens */,
				549192602AA83926005AA0C3 /* AppDelegate.swift */,
				549192622AA83926005AA0C3 /* SceneDelegate.swift */,
				549192692AA83929005AA0C3 /* Assets.xcassets */,
				5491926E2AA83929005AA0C3 /* Info.plist */,
			);
			path = FindingFalcone;
			sourceTree = "<group>";
		};
		54F105572AA8D350000F3F8B /* StoryBoard */ = {
			isa = PBXGroup;
			children = (
				549192662AA83926005AA0C3 /* Main.storyboard */,
				5491926B2AA83929005AA0C3 /* LaunchScreen.storyboard */,
			);
			path = StoryBoard;
			sourceTree = "<group>";
		};
		54F105582AA8D490000F3F8B /* Helper */ = {
			isa = PBXGroup;
			children = (
				54F105592AA8D49B000F3F8B /* Fonts */,
				54F1058F2AA8E1E2000F3F8B /* Networking */,
				544772C92AAB50AD00DAB004 /* Protocols */,
				54F105822AA8DBF9000F3F8B /* UI+Extensions */,
				54138E142AA973F30087B96D /* Utilities */,
			);
			path = Helper;
			sourceTree = "<group>";
		};
		54F105592AA8D49B000F3F8B /* Fonts */ = {
			isa = PBXGroup;
			children = (
				54F1055A2AA8D4C7000F3F8B /* Roboto */,
			);
			path = Fonts;
			sourceTree = "<group>";
		};
		54F1055A2AA8D4C7000F3F8B /* Roboto */ = {
			isa = PBXGroup;
			children = (
				54F1055B2AA8D4C7000F3F8B /* Roboto-Medium.ttf */,
				54F1055C2AA8D4C7000F3F8B /* Roboto-Light.ttf */,
				54F1055D2AA8D4C7000F3F8B /* Roboto-Regular.ttf */,
				54F1055E2AA8D4C7000F3F8B /* Roboto-MediumItalic.ttf */,
				54F1055F2AA8D4C7000F3F8B /* Roboto-ThinItalic.ttf */,
				54F105602AA8D4C7000F3F8B /* Roboto-BoldItalic.ttf */,
				54F105612AA8D4C7000F3F8B /* Roboto-LightItalic.ttf */,
				54F105622AA8D4C7000F3F8B /* Roboto-Italic.ttf */,
				54F105632AA8D4C7000F3F8B /* LICENSE.txt */,
				54F105642AA8D4C7000F3F8B /* Roboto-BlackItalic.ttf */,
				54F105652AA8D4C7000F3F8B /* Roboto-Bold.ttf */,
				54F105662AA8D4C7000F3F8B /* Roboto-Thin.ttf */,
				54F105672AA8D4C7000F3F8B /* Roboto-Black.ttf */,
			);
			path = Roboto;
			sourceTree = "<group>";
		};
		54F105752AA8D6AB000F3F8B /* Screens */ = {
			isa = PBXGroup;
			children = (
				54F105762AA8D6B9000F3F8B /* Planets */,
				54F105A72AA8F539000F3F8B /* Vehicles */,
				544772CC2AAC4A9700DAB004 /* Confirmation */,
				544772DD2AAC6EE500DAB004 /* Result */,
			);
			path = Screens;
			sourceTree = "<group>";
		};
		54F105762AA8D6B9000F3F8B /* Planets */ = {
			isa = PBXGroup;
			children = (
				54F105772AA8D741000F3F8B /* Model */,
				54F105782AA8D746000F3F8B /* View */,
				54F105792AA8D74C000F3F8B /* ViewModel */,
			);
			path = Planets;
			sourceTree = "<group>";
		};
		54F105772AA8D741000F3F8B /* Model */ = {
			isa = PBXGroup;
			children = (
				54F1057A2AA8D7FE000F3F8B /* Planet.swift */,
			);
			path = Model;
			sourceTree = "<group>";
		};
		54F105782AA8D746000F3F8B /* View */ = {
			isa = PBXGroup;
			children = (
				54F1057C2AA8D844000F3F8B /* PlanetVC.swift */,
				54F1057E2AA8DA27000F3F8B /* PlanetCell.swift */,
				54F1057F2AA8DA27000F3F8B /* PlanetCell.xib */,
			);
			path = View;
			sourceTree = "<group>";
		};
		54F105792AA8D74C000F3F8B /* ViewModel */ = {
			isa = PBXGroup;
			children = (
				54F105962AA8E327000F3F8B /* PlanetViewModel.swift */,
			);
			path = ViewModel;
			sourceTree = "<group>";
		};
		54F105822AA8DBF9000F3F8B /* UI+Extensions */ = {
			isa = PBXGroup;
			children = (
				54F105832AA8DBF9000F3F8B /* UIButton+Extensions.swift */,
				54F105842AA8DBF9000F3F8B /* UIView+Extensions.swift */,
				54F105852AA8DBF9000F3F8B /* TextField+Extensions.swift */,
				54F105872AA8DBF9000F3F8B /* UIImage+Extensions.swift */,
				54F105882AA8DBF9000F3F8B /* UITextView+Extensions.swift */,
			);
			path = "UI+Extensions";
			sourceTree = "<group>";
		};
		54F1058F2AA8E1E2000F3F8B /* Networking */ = {
			isa = PBXGroup;
			children = (
				54F105942AA8E2C1000F3F8B /* Callback.swift */,
				54F105902AA8E24A000F3F8B /* NetworkClass.swift */,
				54F105922AA8E295000F3F8B /* Reach.swift */,
			);
			path = Networking;
			sourceTree = "<group>";
		};
		54F105A72AA8F539000F3F8B /* Vehicles */ = {
			isa = PBXGroup;
			children = (
				54138E132AA9739C0087B96D /* Model */,
				54138E122AA973950087B96D /* View */,
				54F105AE2AA8F578000F3F8B /* ViewModel */,
			);
			path = Vehicles;
			sourceTree = "<group>";
		};
		54F105AE2AA8F578000F3F8B /* ViewModel */ = {
			isa = PBXGroup;
			children = (
				54138E1D2AA97F370087B96D /* VehicleViewModel.swift */,
			);
			path = ViewModel;
			sourceTree = "<group>";
		};
/* End PBXGroup section */

/* Begin PBXNativeTarget section */
		5491925C2AA83926005AA0C3 /* FindingFalcone */ = {
			isa = PBXNativeTarget;
			buildConfigurationList = 549192712AA83929005AA0C3 /* Build configuration list for PBXNativeTarget "FindingFalcone" */;
			buildPhases = (
				549192592AA83926005AA0C3 /* Sources */,
				5491925A2AA83926005AA0C3 /* Frameworks */,
				5491925B2AA83926005AA0C3 /* Resources */,
			);
			buildRules = (
			);
			dependencies = (
			);
			name = FindingFalcone;
			packageProductDependencies = (
				544772EA2AAC893E00DAB004 /* NVActivityIndicatorView */,
			);
			productName = FindingFalcone;
			productReference = 5491925D2AA83926005AA0C3 /* FindingFalcone.app */;
			productType = "com.apple.product-type.application";
		};
/* End PBXNativeTarget section */

/* Begin PBXProject section */
		549192552AA83926005AA0C3 /* Project object */ = {
			isa = PBXProject;
			attributes = {
				BuildIndependentTargetsInParallel = 1;
				LastSwiftUpdateCheck = 1430;
				LastUpgradeCheck = 1430;
				TargetAttributes = {
					5491925C2AA83926005AA0C3 = {
						CreatedOnToolsVersion = 14.3.1;
					};
				};
			};
			buildConfigurationList = 549192582AA83926005AA0C3 /* Build configuration list for PBXProject "FindingFalcone" */;
			compatibilityVersion = "Xcode 14.0";
			developmentRegion = en;
			hasScannedForEncodings = 0;
			knownRegions = (
				en,
				Base,
			);
			mainGroup = 549192542AA83926005AA0C3;
			packageReferences = (
				544772E92AAC893E00DAB004 /* XCRemoteSwiftPackageReference "NVActivityIndicatorView" */,
			);
			productRefGroup = 5491925E2AA83926005AA0C3 /* Products */;
			projectDirPath = "";
			projectRoot = "";
			targets = (
				5491925C2AA83926005AA0C3 /* FindingFalcone */,
			);
		};
/* End PBXProject section */

/* Begin PBXResourcesBuildPhase section */
		5491925B2AA83926005AA0C3 /* Resources */ = {
			isa = PBXResourcesBuildPhase;
			buildActionMask = 2147483647;
			files = (
				54138E1C2AA97B960087B96D /* VehicleCell.xib in Resources */,
				54F105722AA8D4C7000F3F8B /* Roboto-Bold.ttf in Resources */,
				54F105702AA8D4C7000F3F8B /* LICENSE.txt in Resources */,
				54F1056D2AA8D4C7000F3F8B /* Roboto-BoldItalic.ttf in Resources */,
				54F1056A2AA8D4C7000F3F8B /* Roboto-Regular.ttf in Resources */,
				544772D82AAC4E0800DAB004 /* ConfirmationCell.xib in Resources */,
				54F1056E2AA8D4C7000F3F8B /* Roboto-LightItalic.ttf in Resources */,
				54F105682AA8D4C7000F3F8B /* Roboto-Medium.ttf in Resources */,
				5491926D2AA83929005AA0C3 /* LaunchScreen.storyboard in Resources */,
				54F105712AA8D4C7000F3F8B /* Roboto-BlackItalic.ttf in Resources */,
				54F105732AA8D4C7000F3F8B /* Roboto-Thin.ttf in Resources */,
				54F105692AA8D4C7000F3F8B /* Roboto-Light.ttf in Resources */,
				54F1056C2AA8D4C7000F3F8B /* Roboto-ThinItalic.ttf in Resources */,
				54F105812AA8DA27000F3F8B /* PlanetCell.xib in Resources */,
				54F105742AA8D4C7000F3F8B /* Roboto-Black.ttf in Resources */,
				54F1056B2AA8D4C7000F3F8B /* Roboto-MediumItalic.ttf in Resources */,
				5491926A2AA83929005AA0C3 /* Assets.xcassets in Resources */,
				54F1056F2AA8D4C7000F3F8B /* Roboto-Italic.ttf in Resources */,
				549192682AA83926005AA0C3 /* Main.storyboard in Resources */,
			);
			runOnlyForDeploymentPostprocessing = 0;
		};
/* End PBXResourcesBuildPhase section */

/* Begin PBXSourcesBuildPhase section */
		549192592AA83926005AA0C3 /* Sources */ = {
			isa = PBXSourcesBuildPhase;
			buildActionMask = 2147483647;
			files = (
				54F105972AA8E327000F3F8B /* PlanetViewModel.swift in Sources */,
				544772DC2AAC602B00DAB004 /* Token.swift in Sources */,
				54F1057B2AA8D7FE000F3F8B /* Planet.swift in Sources */,
				54138E1E2AA97F370087B96D /* VehicleViewModel.swift in Sources */,
				544772DA2AAC5F4600DAB004 /* ConfirmationViewModel.swift in Sources */,
				54F105932AA8E295000F3F8B /* Reach.swift in Sources */,
				54138E162AA974030087B96D /* Constant.swift in Sources */,
				54F105912AA8E24A000F3F8B /* NetworkClass.swift in Sources */,
				54F105802AA8DA27000F3F8B /* PlanetCell.swift in Sources */,
				544772E22AAC6F6000DAB004 /* Status.swift in Sources */,
				54138E1B2AA97B960087B96D /* VehicleCell.swift in Sources */,
				549192612AA83926005AA0C3 /* AppDelegate.swift in Sources */,
				54F105892AA8DBF9000F3F8B /* UIButton+Extensions.swift in Sources */,
				544DB89A2AA9C1C50026A676 /* CommonFunction.swift in Sources */,
				544772D42AAC4BE100DAB004 /* ConfirmationVC.swift in Sources */,
				54F1058E2AA8DBF9000F3F8B /* UITextView+Extensions.swift in Sources */,
				544772ED2AAC896200DAB004 /* Loader+NVActivityIndicatorView.swift in Sources */,
				54F1058D2AA8DBF9000F3F8B /* UIImage+Extensions.swift in Sources */,
				54F1057D2AA8D844000F3F8B /* PlanetVC.swift in Sources */,
				54138E182AA976B10087B96D /* Vehicle.swift in Sources */,
				544772E42AAC6F7200DAB004 /* ResultViewModel.swift in Sources */,
				544772CB2AAB50BE00DAB004 /* VehicleSelectedProtocol.swift in Sources */,
				54F105952AA8E2C1000F3F8B /* Callback.swift in Sources */,
				54F1058A2AA8DBF9000F3F8B /* UIView+Extensions.swift in Sources */,
				54F105B02AA8F5BF000F3F8B /* VehicleVC.swift in Sources */,
				549192632AA83926005AA0C3 /* SceneDelegate.swift in Sources */,
				544772E82AAC708300DAB004 /* ResultVC.swift in Sources */,
				54F1058B2AA8DBF9000F3F8B /* TextField+Extensions.swift in Sources */,
				544772D72AAC4E0800DAB004 /* ConfirmationCell.swift in Sources */,
			);
			runOnlyForDeploymentPostprocessing = 0;
		};
/* End PBXSourcesBuildPhase section */

/* Begin PBXVariantGroup section */
		549192662AA83926005AA0C3 /* Main.storyboard */ = {
			isa = PBXVariantGroup;
			children = (
				549192672AA83926005AA0C3 /* Base */,
			);
			name = Main.storyboard;
			sourceTree = "<group>";
		};
		5491926B2AA83929005AA0C3 /* LaunchScreen.storyboard */ = {
			isa = PBXVariantGroup;
			children = (
				5491926C2AA83929005AA0C3 /* Base */,
			);
			name = LaunchScreen.storyboard;
			sourceTree = "<group>";
		};
/* End PBXVariantGroup section */

/* Begin XCBuildConfiguration section */
		5491926F2AA83929005AA0C3 /* Debug */ = {
			isa = XCBuildConfiguration;
			buildSettings = {
				ALWAYS_SEARCH_USER_PATHS = NO;
				CLANG_ANALYZER_NONNULL = YES;
				CLANG_ANALYZER_NUMBER_OBJECT_CONVERSION = YES_AGGRESSIVE;
				CLANG_CXX_LANGUAGE_STANDARD = "gnu++20";
				CLANG_ENABLE_MODULES = YES;
				CLANG_ENABLE_OBJC_ARC = YES;
				CLANG_ENABLE_OBJC_WEAK = YES;
				CLANG_WARN_BLOCK_CAPTURE_AUTORELEASING = YES;
				CLANG_WARN_BOOL_CONVERSION = YES;
				CLANG_WARN_COMMA = YES;
				CLANG_WARN_CONSTANT_CONVERSION = YES;
				CLANG_WARN_DEPRECATED_OBJC_IMPLEMENTATIONS = YES;
				CLANG_WARN_DIRECT_OBJC_ISA_USAGE = YES_ERROR;
				CLANG_WARN_DOCUMENTATION_COMMENTS = YES;
				CLANG_WARN_EMPTY_BODY = YES;
				CLANG_WARN_ENUM_CONVERSION = YES;
				CLANG_WARN_INFINITE_RECURSION = YES;
				CLANG_WARN_INT_CONVERSION = YES;
				CLANG_WARN_NON_LITERAL_NULL_CONVERSION = YES;
				CLANG_WARN_OBJC_IMPLICIT_RETAIN_SELF = YES;
				CLANG_WARN_OBJC_LITERAL_CONVERSION = YES;
				CLANG_WARN_OBJC_ROOT_CLASS = YES_ERROR;
				CLANG_WARN_QUOTED_INCLUDE_IN_FRAMEWORK_HEADER = YES;
				CLANG_WARN_RANGE_LOOP_ANALYSIS = YES;
				CLANG_WARN_STRICT_PROTOTYPES = YES;
				CLANG_WARN_SUSPICIOUS_MOVE = YES;
				CLANG_WARN_UNGUARDED_AVAILABILITY = YES_AGGRESSIVE;
				CLANG_WARN_UNREACHABLE_CODE = YES;
				CLANG_WARN__DUPLICATE_METHOD_MATCH = YES;
				COPY_PHASE_STRIP = NO;
				DEBUG_INFORMATION_FORMAT = dwarf;
				ENABLE_STRICT_OBJC_MSGSEND = YES;
				ENABLE_TESTABILITY = YES;
				GCC_C_LANGUAGE_STANDARD = gnu11;
				GCC_DYNAMIC_NO_PIC = NO;
				GCC_NO_COMMON_BLOCKS = YES;
				GCC_OPTIMIZATION_LEVEL = 0;
				GCC_PREPROCESSOR_DEFINITIONS = (
					"DEBUG=1",
					"$(inherited)",
				);
				GCC_WARN_64_TO_32_BIT_CONVERSION = YES;
				GCC_WARN_ABOUT_RETURN_TYPE = YES_ERROR;
				GCC_WARN_UNDECLARED_SELECTOR = YES;
				GCC_WARN_UNINITIALIZED_AUTOS = YES_AGGRESSIVE;
				GCC_WARN_UNUSED_FUNCTION = YES;
				GCC_WARN_UNUSED_VARIABLE = YES;
				IPHONEOS_DEPLOYMENT_TARGET = 15.0;
				MTL_ENABLE_DEBUG_INFO = INCLUDE_SOURCE;
				MTL_FAST_MATH = YES;
				ONLY_ACTIVE_ARCH = YES;
				SDKROOT = iphoneos;
				SWIFT_ACTIVE_COMPILATION_CONDITIONS = DEBUG;
				SWIFT_OPTIMIZATION_LEVEL = "-Onone";
			};
			name = Debug;
		};
		549192702AA83929005AA0C3 /* Release */ = {
			isa = XCBuildConfiguration;
			buildSettings = {
				ALWAYS_SEARCH_USER_PATHS = NO;
				CLANG_ANALYZER_NONNULL = YES;
				CLANG_ANALYZER_NUMBER_OBJECT_CONVERSION = YES_AGGRESSIVE;
				CLANG_CXX_LANGUAGE_STANDARD = "gnu++20";
				CLANG_ENABLE_MODULES = YES;
				CLANG_ENABLE_OBJC_ARC = YES;
				CLANG_ENABLE_OBJC_WEAK = YES;
				CLANG_WARN_BLOCK_CAPTURE_AUTORELEASING = YES;
				CLANG_WARN_BOOL_CONVERSION = YES;
				CLANG_WARN_COMMA = YES;
				CLANG_WARN_CONSTANT_CONVERSION = YES;
				CLANG_WARN_DEPRECATED_OBJC_IMPLEMENTATIONS = YES;
				CLANG_WARN_DIRECT_OBJC_ISA_USAGE = YES_ERROR;
				CLANG_WARN_DOCUMENTATION_COMMENTS = YES;
				CLANG_WARN_EMPTY_BODY = YES;
				CLANG_WARN_ENUM_CONVERSION = YES;
				CLANG_WARN_INFINITE_RECURSION = YES;
				CLANG_WARN_INT_CONVERSION = YES;
				CLANG_WARN_NON_LITERAL_NULL_CONVERSION = YES;
				CLANG_WARN_OBJC_IMPLICIT_RETAIN_SELF = YES;
				CLANG_WARN_OBJC_LITERAL_CONVERSION = YES;
				CLANG_WARN_OBJC_ROOT_CLASS = YES_ERROR;
				CLANG_WARN_QUOTED_INCLUDE_IN_FRAMEWORK_HEADER = YES;
				CLANG_WARN_RANGE_LOOP_ANALYSIS = YES;
				CLANG_WARN_STRICT_PROTOTYPES = YES;
				CLANG_WARN_SUSPICIOUS_MOVE = YES;
				CLANG_WARN_UNGUARDED_AVAILABILITY = YES_AGGRESSIVE;
				CLANG_WARN_UNREACHABLE_CODE = YES;
				CLANG_WARN__DUPLICATE_METHOD_MATCH = YES;
				COPY_PHASE_STRIP = NO;
				DEBUG_INFORMATION_FORMAT = "dwarf-with-dsym";
				ENABLE_NS_ASSERTIONS = NO;
				ENABLE_STRICT_OBJC_MSGSEND = YES;
				GCC_C_LANGUAGE_STANDARD = gnu11;
				GCC_NO_COMMON_BLOCKS = YES;
				GCC_WARN_64_TO_32_BIT_CONVERSION = YES;
				GCC_WARN_ABOUT_RETURN_TYPE = YES_ERROR;
				GCC_WARN_UNDECLARED_SELECTOR = YES;
				GCC_WARN_UNINITIALIZED_AUTOS = YES_AGGRESSIVE;
				GCC_WARN_UNUSED_FUNCTION = YES;
				GCC_WARN_UNUSED_VARIABLE = YES;
				IPHONEOS_DEPLOYMENT_TARGET = 15.0;
				MTL_ENABLE_DEBUG_INFO = NO;
				MTL_FAST_MATH = YES;
				SDKROOT = iphoneos;
				SWIFT_COMPILATION_MODE = wholemodule;
				SWIFT_OPTIMIZATION_LEVEL = "-O";
				VALIDATE_PRODUCT = YES;
			};
			name = Release;
		};
		549192722AA83929005AA0C3 /* Debug */ = {
			isa = XCBuildConfiguration;
			buildSettings = {
				ASSETCATALOG_COMPILER_APPICON_NAME = AppIcon;
				ASSETCATALOG_COMPILER_GLOBAL_ACCENT_COLOR_NAME = AccentColor;
				CODE_SIGN_STYLE = Automatic;
				CURRENT_PROJECT_VERSION = 1;
				DEVELOPMENT_TEAM = S32Q2LHV49;
				GENERATE_INFOPLIST_FILE = YES;
				INFOPLIST_FILE = FindingFalcone/Info.plist;
				INFOPLIST_KEY_CFBundleDisplayName = "Finding Falcone";
				INFOPLIST_KEY_LSApplicationCategoryType = "public.app-category.utilities";
				INFOPLIST_KEY_UIApplicationSupportsIndirectInputEvents = YES;
				INFOPLIST_KEY_UILaunchStoryboardName = LaunchScreen;
				INFOPLIST_KEY_UIMainStoryboardFile = Main;
				INFOPLIST_KEY_UISupportedInterfaceOrientations = UIInterfaceOrientationPortrait;
				LD_RUNPATH_SEARCH_PATHS = (
					"$(inherited)",
					"@executable_path/Frameworks",
				);
				MARKETING_VERSION = 1.0;
				PRODUCT_BUNDLE_IDENTIFIER = com.sparsh.FindingFalcone;
				PRODUCT_NAME = "$(TARGET_NAME)";
				SWIFT_EMIT_LOC_STRINGS = YES;
				SWIFT_VERSION = 5.0;
				TARGETED_DEVICE_FAMILY = "1,2";
			};
			name = Debug;
		};
		549192732AA83929005AA0C3 /* Release */ = {
			isa = XCBuildConfiguration;
			buildSettings = {
				ASSETCATALOG_COMPILER_APPICON_NAME = AppIcon;
				ASSETCATALOG_COMPILER_GLOBAL_ACCENT_COLOR_NAME = AccentColor;
				CODE_SIGN_STYLE = Automatic;
				CURRENT_PROJECT_VERSION = 1;
				DEVELOPMENT_TEAM = S32Q2LHV49;
				GENERATE_INFOPLIST_FILE = YES;
				INFOPLIST_FILE = FindingFalcone/Info.plist;
				INFOPLIST_KEY_CFBundleDisplayName = "Finding Falcone";
				INFOPLIST_KEY_LSApplicationCategoryType = "public.app-category.utilities";
				INFOPLIST_KEY_UIApplicationSupportsIndirectInputEvents = YES;
				INFOPLIST_KEY_UILaunchStoryboardName = LaunchScreen;
				INFOPLIST_KEY_UIMainStoryboardFile = Main;
				INFOPLIST_KEY_UISupportedInterfaceOrientations = UIInterfaceOrientationPortrait;
				LD_RUNPATH_SEARCH_PATHS = (
					"$(inherited)",
					"@executable_path/Frameworks",
				);
				MARKETING_VERSION = 1.0;
				PRODUCT_BUNDLE_IDENTIFIER = com.sparsh.FindingFalcone;
				PRODUCT_NAME = "$(TARGET_NAME)";
				SWIFT_EMIT_LOC_STRINGS = YES;
				SWIFT_VERSION = 5.0;
				TARGETED_DEVICE_FAMILY = "1,2";
			};
			name = Release;
		};
/* End XCBuildConfiguration section */

/* Begin XCConfigurationList section */
		549192582AA83926005AA0C3 /* Build configuration list for PBXProject "FindingFalcone" */ = {
			isa = XCConfigurationList;
			buildConfigurations = (
				5491926F2AA83929005AA0C3 /* Debug */,
				549192702AA83929005AA0C3 /* Release */,
			);
			defaultConfigurationIsVisible = 0;
			defaultConfigurationName = Release;
		};
		549192712AA83929005AA0C3 /* Build configuration list for PBXNativeTarget "FindingFalcone" */ = {
			isa = XCConfigurationList;
			buildConfigurations = (
				549192722AA83929005AA0C3 /* Debug */,
				549192732AA83929005AA0C3 /* Release */,
			);
			defaultConfigurationIsVisible = 0;
			defaultConfigurationName = Release;
		};
/* End XCConfigurationList section */

/* Begin XCRemoteSwiftPackageReference section */
		544772E92AAC893E00DAB004 /* XCRemoteSwiftPackageReference "NVActivityIndicatorView" */ = {
			isa = XCRemoteSwiftPackageReference;
			repositoryURL = "https://github.com/ninjaprox/NVActivityIndicatorView.git";
			requirement = {
				kind = upToNextMajorVersion;
				minimumVersion = 5.0.0;
			};
		};
/* End XCRemoteSwiftPackageReference section */

/* Begin XCSwiftPackageProductDependency section */
		544772EA2AAC893E00DAB004 /* NVActivityIndicatorView */ = {
			isa = XCSwiftPackageProductDependency;
			package = 544772E92AAC893E00DAB004 /* XCRemoteSwiftPackageReference "NVActivityIndicatorView" */;
			productName = NVActivityIndicatorView;
		};
/* End XCSwiftPackageProductDependency section */
	};
	rootObject = 549192552AA83926005AA0C3 /* Project object */;
}
